github.com/synergyvr-org/synergy-hugo-shared v0.2.0 h1:RXr2o2ZrWOmTJG5cE2rGRfkrH6K1e8tsR8JRV0ImXZE=
github.com/synergyvr-org/synergy-hugo-shared v0.2.0/go.mod h1:YWNCc/yLBkA+Koh7oZaDQGjKwwAcpN5QreMHe09SkiQ=
github.com/synergyvr-org/synergy-hugo-shared v0.3.0 h1:XMhMhXzq+QqYZDkw5KP58qWsB5pPXTRZ21hyA0uLexk=
github.com/synergyvr-org/synergy-hugo-shared v0.3.0/go.mod h1:YWNCc/yLBkA+Koh7oZaDQGjKwwAcpN5QreMHe09SkiQ=
github.com/synergyvr-org/synergy-hugo-shared v0.4.0 h1:FG6J+F1w6kEK/T0To5RHHoSy+VGLe8t5urc30W0hv4E=
github.com/synergyvr-org/synergy-hugo-shared v0.4.0/go.mod h1:YWNCc/yLBkA+Koh7oZaDQGjKwwAcpN5QreMHe09SkiQ=
github.com/synergyvr-org/synergy-hugo-shared v0.4.1 h1:469RF6F2Ba8TrCGYpvjZhvKtkZxbpmoc7Y/YXB4bJEQ=
github.com/synergyvr-org/synergy-hugo-shared v0.4.1/go.mod h1:YWNCc/yLBkA+Koh7oZaDQGjKwwAcpN5QreMHe09SkiQ=
github.com/synergyvr-org/synergy-hugo-shared v0.5.0 h1:uRM+04d6rfUTEhmygjug2CW2hVAaGHp9ups/gP4hj7k=
github.com/synergyvr-org/synergy-hugo-shared v0.5.0/go.mod h1:YWNCc/yLBkA+Koh7oZaDQGjKwwAcpN5QreMHe09SkiQ=
github.com/synergyvr-org/synergy-hugo-shared v0.6.0 h1:JUrWznLoYYfZpBd+EU0iGFUl8QnvoOHwJnTf8ak73Nc=
github.com/synergyvr-org/synergy-hugo-shared v0.6.0/go.mod h1:YWNCc/yLBkA+Koh7oZaDQGjKwwAcpN5QreMHe09SkiQ=
github.com/synergyvr-org/synergy-hugo-shared v0.6.1 h1:d7+TT4gsXQTTw8pC3BGhAU4f0Q767niInY972eRIRb0=
github.com/synergyvr-org/synergy-hugo-shared v0.6.1/go.mod h1:YWNCc/yLBkA+Koh7oZaDQGjKwwAcpN5QreMHe09SkiQ=
